
Microsoft Visual Studio Solution File, Format Version 12.00
# Visual Studio Version 16
VisualStudioVersion = 16.0.29728.190
MinimumVisualStudioVersion = 10.0.40219.1
Project("{9A19103F-16F7-4668-BE54-9A1E7A4F7556}") = "Template.Api", "src\Template.Api\Template.Api.csproj", "{C63A0FDC-B8C9-4FEA-B4A0-946C4D417B68}"
EndProject
Project("{2150E333-8FDC-42A3-9474-1A3956D46DE8}") = "Source Code", "Source Code", "{0010631E-A6CB-4689-A25E-0CA27C094900}"
EndProject
Project("{2150E333-8FDC-42A3-9474-1A3956D46DE8}") = "Tests", "Tests", "{5AA99496-EFAF-432D-A630-A2E827E7209E}"
EndProject
Project("{2150E333-8FDC-42A3-9474-1A3956D46DE8}") = "Unit Tests", "Unit Tests", "{5EFEB864-3B09-40D5-8A76-3662D78D8AF9}"
EndProject
Project("{2150E333-8FDC-42A3-9474-1A3956D46DE8}") = "Integration Tests", "Integration Tests", "{B2228CBE-9299-4EB4-977F-A82B5BEDE298}"
EndProject
Project("{2150E333-8FDC-42A3-9474-1A3956D46DE8}") = "Services", "Services", "{D0D546CE-A010-4839-B799-67F8DC87D884}"
EndProject
Project("{2150E333-8FDC-42A3-9474-1A3956D46DE8}") = "Repositories", "Repositories", "{4A096CCA-EDBA-42A5-A766-5C51B6ACF279}"
EndProject
Project("{9A19103F-16F7-4668-BE54-9A1E7A4F7556}") = "Template.Repositories.Abstractions", "src\Template.Repositories.Abstractions\Template.Repositories.Abstractions.csproj", "{C941C205-4B70-4A2E-A2A1-45150B22F8DC}"
EndProject
Project("{9A19103F-16F7-4668-BE54-9A1E7A4F7556}") = "Template.Services.Abstractions", "src\Template.Services.Abstractions\Template.Services.Abstractions.csproj", "{DDE13512-C78B-4201-A0FA-E6D45000B1E5}"
EndProject
Project("{2150E333-8FDC-42A3-9474-1A3956D46DE8}") = "Domain", "Domain", "{9F5459CA-B709-45E5-ABA7-E40361A86CC0}"
EndProject
Project("{9A19103F-16F7-4668-BE54-9A1E7A4F7556}") = "Template.Domain.Abstractions", "src\Template.Domain.Abstractions\Template.Domain.Abstractions.csproj", "{F36C8701-84C3-4FBE-8B23-2E3F39C5C445}"
EndProject
Project("{2150E333-8FDC-42A3-9474-1A3956D46DE8}") = "Common", "Common", "{0C1C724D-7A41-41AD-97C2-6C5DBB43916A}"
EndProject
Project("{9A19103F-16F7-4668-BE54-9A1E7A4F7556}") = "Template.Models", "src\Template.Models\Template.Models.csproj", "{8D25AC71-BB0C-4695-8D48-991A4BEDF0DB}"
EndProject
Project("{9A19103F-16F7-4668-BE54-9A1E7A4F7556}") = "Template.Exceptions", "src\Template.Exceptions\Template.Exceptions.csproj", "{97B90565-B492-49A0-B0EB-BD2924B32996}"
EndProject
Project("{9A19103F-16F7-4668-BE54-9A1E7A4F7556}") = "Template.Extensions", "src\Template.Extensions\Template.Extensions.csproj", "{BC7A306C-7CFC-4DFC-A96D-F954E94D87A6}"
EndProject
Project("{9A19103F-16F7-4668-BE54-9A1E7A4F7556}") = "Template.Repositories.Example", "src\Template.Repositories.Example\Template.Repositories.Example.csproj", "{59CB1F74-E797-4C48-A9C4-64DA505DB025}"
EndProject
Project("{9A19103F-16F7-4668-BE54-9A1E7A4F7556}") = "Template.Services.Example", "src\Template.Services.Example\Template.Services.Example.csproj", "{1D1A34A0-4264-4540-953B-EB8A31BA92A3}"
EndProject
Project("{9A19103F-16F7-4668-BE54-9A1E7A4F7556}") = "Template.Domain.V1", "src\Template.Domain.V1\Template.Domain.V1.csproj", "{FEF903E4-E4E2-4E32-9BAD-9DF6FEEBDD74}"
EndProject
Project("{2150E333-8FDC-42A3-9474-1A3956D46DE8}") = "Deploy", "Deploy", "{379B35EF-EB0D-4AF5-B7C5-8C3FBC9AB9EA}"
EndProject
Project("{151D2E53-A2C4-4D7D-83FE-D05416EBD58E}") = "Template.Api.Deploy", "src\Template.Api.Deploy\Template.Api.Deploy.deployproj", "{3DEEA569-7D85-40F5-8CBE-5B0A7A774214}"
EndProject
Project("{9A19103F-16F7-4668-BE54-9A1E7A4F7556}") = "Template.Api.UnitTests", "tests\Unit Tests\Template.Api.UnitTests\Template.Api.UnitTests.csproj", "{9FA69722-F88B-4041-8700-F7CA6ED83DFD}"
EndProject
Project("{9A19103F-16F7-4668-BE54-9A1E7A4F7556}") = "Templates.Api.IntegrationTests", "tests\Integration Tests\Templates.Api.IntegrationTests\Templates.Api.IntegrationTests.csproj", "{6588F50B-3C62-469A-A4BA-F0302617F5A1}"
EndProject
Global
	GlobalSection(SolutionConfigurationPlatforms) = preSolution
		Debug|Any CPU = Debug|Any CPU
		Release|Any CPU = Release|Any CPU
	EndGlobalSection
	GlobalSection(ProjectConfigurationPlatforms) = postSolution
		{C63A0FDC-B8C9-4FEA-B4A0-946C4D417B68}.Debug|Any CPU.ActiveCfg = Debug|Any CPU
		{C63A0FDC-B8C9-4FEA-B4A0-946C4D417B68}.Debug|Any CPU.Build.0 = Debug|Any CPU
		{C63A0FDC-B8C9-4FEA-B4A0-946C4D417B68}.Release|Any CPU.ActiveCfg = Release|Any CPU
		{C63A0FDC-B8C9-4FEA-B4A0-946C4D417B68}.Release|Any CPU.Build.0 = Release|Any CPU
		{C941C205-4B70-4A2E-A2A1-45150B22F8DC}.Debug|Any CPU.ActiveCfg = Debug|Any CPU
		{C941C205-4B70-4A2E-A2A1-45150B22F8DC}.Debug|Any CPU.Build.0 = Debug|Any CPU
		{C941C205-4B70-4A2E-A2A1-45150B22F8DC}.Release|Any CPU.ActiveCfg = Release|Any CPU
		{C941C205-4B70-4A2E-A2A1-45150B22F8DC}.Release|Any CPU.Build.0 = Release|Any CPU
		{DDE13512-C78B-4201-A0FA-E6D45000B1E5}.Debug|Any CPU.ActiveCfg = Debug|Any CPU
		{DDE13512-C78B-4201-A0FA-E6D45000B1E5}.Debug|Any CPU.Build.0 = Debug|Any CPU
		{DDE13512-C78B-4201-A0FA-E6D45000B1E5}.Release|Any CPU.ActiveCfg = Release|Any CPU
		{DDE13512-C78B-4201-A0FA-E6D45000B1E5}.Release|Any CPU.Build.0 = Release|Any CPU
		{F36C8701-84C3-4FBE-8B23-2E3F39C5C445}.Debug|Any CPU.ActiveCfg = Debug|Any CPU
		{F36C8701-84C3-4FBE-8B23-2E3F39C5C445}.Debug|Any CPU.Build.0 = Debug|Any CPU
		{F36C8701-84C3-4FBE-8B23-2E3F39C5C445}.Release|Any CPU.ActiveCfg = Release|Any CPU
		{F36C8701-84C3-4FBE-8B23-2E3F39C5C445}.Release|Any CPU.Build.0 = Release|Any CPU
		{8D25AC71-BB0C-4695-8D48-991A4BEDF0DB}.Debug|Any CPU.ActiveCfg = Debug|Any CPU
		{8D25AC71-BB0C-4695-8D48-991A4BEDF0DB}.Debug|Any CPU.Build.0 = Debug|Any CPU
		{8D25AC71-BB0C-4695-8D48-991A4BEDF0DB}.Release|Any CPU.ActiveCfg = Release|Any CPU
		{8D25AC71-BB0C-4695-8D48-991A4BEDF0DB}.Release|Any CPU.Build.0 = Release|Any CPU
		{97B90565-B492-49A0-B0EB-BD2924B32996}.Debug|Any CPU.ActiveCfg = Debug|Any CPU
		{97B90565-B492-49A0-B0EB-BD2924B32996}.Debug|Any CPU.Build.0 = Debug|Any CPU
		{97B90565-B492-49A0-B0EB-BD2924B32996}.Release|Any CPU.ActiveCfg = Release|Any CPU
		{97B90565-B492-49A0-B0EB-BD2924B32996}.Release|Any CPU.Build.0 = Release|Any CPU
		{BC7A306C-7CFC-4DFC-A96D-F954E94D87A6}.Debug|Any CPU.ActiveCfg = Debug|Any CPU
		{BC7A306C-7CFC-4DFC-A96D-F954E94D87A6}.Debug|Any CPU.Build.0 = Debug|Any CPU
		{BC7A306C-7CFC-4DFC-A96D-F954E94D87A6}.Release|Any CPU.ActiveCfg = Release|Any CPU
		{BC7A306C-7CFC-4DFC-A96D-F954E94D87A6}.Release|Any CPU.Build.0 = Release|Any CPU
		{59CB1F74-E797-4C48-A9C4-64DA505DB025}.Debug|Any CPU.ActiveCfg = Debug|Any CPU
		{59CB1F74-E797-4C48-A9C4-64DA505DB025}.Debug|Any CPU.Build.0 = Debug|Any CPU
		{59CB1F74-E797-4C48-A9C4-64DA505DB025}.Release|Any CPU.ActiveCfg = Release|Any CPU
		{59CB1F74-E797-4C48-A9C4-64DA505DB025}.Release|Any CPU.Build.0 = Release|Any CPU
		{1D1A34A0-4264-4540-953B-EB8A31BA92A3}.Debug|Any CPU.ActiveCfg = Debug|Any CPU
		{1D1A34A0-4264-4540-953B-EB8A31BA92A3}.Debug|Any CPU.Build.0 = Debug|Any CPU
		{1D1A34A0-4264-4540-953B-EB8A31BA92A3}.Release|Any CPU.ActiveCfg = Release|Any CPU
		{1D1A34A0-4264-4540-953B-EB8A31BA92A3}.Release|Any CPU.Build.0 = Release|Any CPU
		{FEF903E4-E4E2-4E32-9BAD-9DF6FEEBDD74}.Debug|Any CPU.ActiveCfg = Debug|Any CPU
		{FEF903E4-E4E2-4E32-9BAD-9DF6FEEBDD74}.Debug|Any CPU.Build.0 = Debug|Any CPU
		{FEF903E4-E4E2-4E32-9BAD-9DF6FEEBDD74}.Release|Any CPU.ActiveCfg = Release|Any CPU
		{FEF903E4-E4E2-4E32-9BAD-9DF6FEEBDD74}.Release|Any CPU.Build.0 = Release|Any CPU
		{3DEEA569-7D85-40F5-8CBE-5B0A7A774214}.Debug|Any CPU.ActiveCfg = Debug|Any CPU
		{3DEEA569-7D85-40F5-8CBE-5B0A7A774214}.Debug|Any CPU.Build.0 = Debug|Any CPU
		{3DEEA569-7D85-40F5-8CBE-5B0A7A774214}.Release|Any CPU.ActiveCfg = Release|Any CPU
		{3DEEA569-7D85-40F5-8CBE-5B0A7A774214}.Release|Any CPU.Build.0 = Release|Any CPU
		{9FA69722-F88B-4041-8700-F7CA6ED83DFD}.Debug|Any CPU.ActiveCfg = Debug|Any CPU
		{9FA69722-F88B-4041-8700-F7CA6ED83DFD}.Debug|Any CPU.Build.0 = Debug|Any CPU
		{9FA69722-F88B-4041-8700-F7CA6ED83DFD}.Release|Any CPU.ActiveCfg = Release|Any CPU
		{9FA69722-F88B-4041-8700-F7CA6ED83DFD}.Release|Any CPU.Build.0 = Release|Any CPU
		{6588F50B-3C62-469A-A4BA-F0302617F5A1}.Debug|Any CPU.ActiveCfg = Debug|Any CPU
		{6588F50B-3C62-469A-A4BA-F0302617F5A1}.Debug|Any CPU.Build.0 = Debug|Any CPU
		{6588F50B-3C62-469A-A4BA-F0302617F5A1}.Release|Any CPU.ActiveCfg = Release|Any CPU
		{6588F50B-3C62-469A-A4BA-F0302617F5A1}.Release|Any CPU.Build.0 = Release|Any CPU
	EndGlobalSection
	GlobalSection(SolutionProperties) = preSolution
		HideSolutionNode = FALSE
	EndGlobalSection
	GlobalSection(NestedProjects) = preSolution
		{C63A0FDC-B8C9-4FEA-B4A0-946C4D417B68} = {0010631E-A6CB-4689-A25E-0CA27C094900}
		{5EFEB864-3B09-40D5-8A76-3662D78D8AF9} = {5AA99496-EFAF-432D-A630-A2E827E7209E}
		{B2228CBE-9299-4EB4-977F-A82B5BEDE298} = {5AA99496-EFAF-432D-A630-A2E827E7209E}
		{D0D546CE-A010-4839-B799-67F8DC87D884} = {0010631E-A6CB-4689-A25E-0CA27C094900}
		{4A096CCA-EDBA-42A5-A766-5C51B6ACF279} = {0010631E-A6CB-4689-A25E-0CA27C094900}
		{C941C205-4B70-4A2E-A2A1-45150B22F8DC} = {4A096CCA-EDBA-42A5-A766-5C51B6ACF279}
		{DDE13512-C78B-4201-A0FA-E6D45000B1E5} = {D0D546CE-A010-4839-B799-67F8DC87D884}
		{9F5459CA-B709-45E5-ABA7-E40361A86CC0} = {0010631E-A6CB-4689-A25E-0CA27C094900}
		{F36C8701-84C3-4FBE-8B23-2E3F39C5C445} = {9F5459CA-B709-45E5-ABA7-E40361A86CC0}
		{0C1C724D-7A41-41AD-97C2-6C5DBB43916A} = {0010631E-A6CB-4689-A25E-0CA27C094900}
		{8D25AC71-BB0C-4695-8D48-991A4BEDF0DB} = {0C1C724D-7A41-41AD-97C2-6C5DBB43916A}
		{97B90565-B492-49A0-B0EB-BD2924B32996} = {0C1C724D-7A41-41AD-97C2-6C5DBB43916A}
		{BC7A306C-7CFC-4DFC-A96D-F954E94D87A6} = {0C1C724D-7A41-41AD-97C2-6C5DBB43916A}
		{59CB1F74-E797-4C48-A9C4-64DA505DB025} = {4A096CCA-EDBA-42A5-A766-5C51B6ACF279}
		{1D1A34A0-4264-4540-953B-EB8A31BA92A3} = {D0D546CE-A010-4839-B799-67F8DC87D884}
		{FEF903E4-E4E2-4E32-9BAD-9DF6FEEBDD74} = {9F5459CA-B709-45E5-ABA7-E40361A86CC0}
		{3DEEA569-7D85-40F5-8CBE-5B0A7A774214} = {379B35EF-EB0D-4AF5-B7C5-8C3FBC9AB9EA}
		{9FA69722-F88B-4041-8700-F7CA6ED83DFD} = {5EFEB864-3B09-40D5-8A76-3662D78D8AF9}
		{6588F50B-3C62-469A-A4BA-F0302617F5A1} = {B2228CBE-9299-4EB4-977F-A82B5BEDE298}
	EndGlobalSection
	GlobalSection(ExtensibilityGlobals) = postSolution
		SolutionGuid = {C7AB43C0-F7C3-47C1-87EE-02881DD5B8F3}
	EndGlobalSection
EndGlobal
